PODS:
  - device_info_plus (0.0.1):
    - Flutter
  - DeviceKit (4.9.0)
  - Flutter (1.0.0)
  - permission_handler_apple (9.1.1):
    - Flutter
  - rive_common (0.0.1):
    - Flutter
  - spren_flutter (2.2.2):
    - Flutter
    - SprenVision (~> 1.2.1)
  - SprenVision (1.2.1):
    - DeviceKit (~> 4.0)
  - wakelock (0.0.1):
    - Flutter

DEPENDENCIES:
  - device_info_plus (from `.symlinks/plugins/device_info_plus/ios`)
  - Flutter (from `Flutter`)
  - permission_handler_apple (from `.symlinks/plugins/permission_handler_apple/ios`)
  - rive_common (from `.symlinks/plugins/rive_common/ios`)
  - spren_flutter (from `.symlinks/plugins/spren_flutter/ios`)
  - wakelock (from `.symlinks/plugins/wakelock/ios`)

SPEC REPOS:
  https://github.com/CocoaPods/Specs.git:
    - DeviceKit
    - SprenVision

EXTERNAL SOURCES:
  device_info_plus:
    :path: ".symlinks/plugins/device_info_plus/ios"
  Flutter:
    :path: Flutter
  permission_handler_apple:
    :path: ".symlinks/plugins/permission_handler_apple/ios"
  rive_common:
    :path: ".symlinks/plugins/rive_common/ios"
  spren_flutter:
    :path: ".symlinks/plugins/spren_flutter/ios"
  wakelock:
    :path: ".symlinks/plugins/wakelock/ios"

SPEC CHECKSUMS:
  device_info_plus: e5c5da33f982a436e103237c0c85f9031142abed
  DeviceKit: 847709bf70b78fd9ab765bd571fb9f5f815c3fc1
  Flutter: e0871f40cf51350855a761d2e70bf5af5b9b5de7
  permission_handler_apple: e76247795d700c14ea09e3a2d8855d41ee80a2e6
  rive_common: 3a4c254c6e4db7e4b9e05daeb3d1f47ae4f7bf76
  spren_flutter: 910bb1aaa6d5d47c3a69c1062bf1d502fb06476a
  SprenVision: b86636e06526f1cb5bca5238fc0e72f7cc80ff38
  wakelock: d0fc7c864128eac40eba1617cb5264d9c940b46f

PODFILE CHECKSUM: c3b9c46d359d604bcf6095373776b2f89118e7db

COCOAPODS: 1.15.2
