PODS:
  - device_info_plus (0.0.1):
    - Flutter
  - DeviceKit (4.9.0)
  - Flutter (1.0.0)
  - package_info_plus (0.4.5):
    - Flutter
  - permission_handler_apple (9.3.0):
    - Flutter
  - rive_native (0.0.1):
    - Flutter
  - spren_flutter (2.2.2):
    - Flutter
    - SprenVision (~> 1.2.1)
  - SprenVision (1.2.1):
    - DeviceKit (~> 4.0)
  - wakelock_plus (0.0.1):
    - Flutter

DEPENDENCIES:
  - device_info_plus (from `.symlinks/plugins/device_info_plus/ios`)
  - Flutter (from `Flutter`)
  - package_info_plus (from `.symlinks/plugins/package_info_plus/ios`)
  - permission_handler_apple (from `.symlinks/plugins/permission_handler_apple/ios`)
  - rive_native (from `.symlinks/plugins/rive_native/ios`)
  - spren_flutter (from `.symlinks/plugins/spren_flutter/ios`)
  - wakelock_plus (from `.symlinks/plugins/wakelock_plus/ios`)

SPEC REPOS:
  https://github.com/CocoaPods/Specs.git:
    - DeviceKit
    - SprenVision

EXTERNAL SOURCES:
  device_info_plus:
    :path: ".symlinks/plugins/device_info_plus/ios"
  Flutter:
    :path: Flutter
  package_info_plus:
    :path: ".symlinks/plugins/package_info_plus/ios"
  permission_handler_apple:
    :path: ".symlinks/plugins/permission_handler_apple/ios"
  rive_native:
    :path: ".symlinks/plugins/rive_native/ios"
  spren_flutter:
    :path: ".symlinks/plugins/spren_flutter/ios"
  wakelock_plus:
    :path: ".symlinks/plugins/wakelock_plus/ios"

SPEC CHECKSUMS:
  device_info_plus: 21fcca2080fbcd348be798aa36c3e5ed849eefbe
  DeviceKit: 847709bf70b78fd9ab765bd571fb9f5f815c3fc1
  Flutter: cabc95a1d2626b1b06e7179b784ebcf0c0cde467
  package_info_plus: af8e2ca6888548050f16fa2f1938db7b5a5df499
  permission_handler_apple: 4ed2196e43d0651e8ff7ca3483a069d469701f2d
  rive_native: a57df296c558867395bfe82fafe857ec67640f58
  spren_flutter: 772b0e4aa5b8f65fc2ca989786699889efcca7f8
  SprenVision: b86636e06526f1cb5bca5238fc0e72f7cc80ff38
  wakelock_plus: e29112ab3ef0b318e58cfa5c32326458be66b556

PODFILE CHECKSUM: c3b9c46d359d604bcf6095373776b2f89118e7db

COCOAPODS: 1.16.2
